// !$*UTF8*$!
{
	archiveVersion = 1;
	classes = {
	};
	objectVersion = 50;
	objects = {

/* Begin PBXBuildFile section */
		048E3287212C42E200FF5D92 /* AppDelegate.swift in Sources */ = {isa = PBXBuildFile; fileRef = 048E3286212C42E200FF5D92 /* AppDelegate.swift */; };
		048E328E212C42E200FF5D92 /* Main.storyboard in Resources */ = {isa = PBXBuildFile; fileRef = 048E328C212C42E200FF5D92 /* Main.storyboard */; };
		048E3290212C42E300FF5D92 /* Assets.xcassets in Resources */ = {isa = PBXBuildFile; fileRef = 048E328F212C42E300FF5D92 /* Assets.xcassets */; };
		048E3293212C42E300FF5D92 /* LaunchScreen.storyboard in Resources */ = {isa = PBXBuildFile; fileRef = 048E3291212C42E300FF5D92 /* LaunchScreen.storyboard */; };
		04A6E1CE2136902E00863D71 /* libz.tbd in Frameworks */ = {isa = PBXBuildFile; fileRef = 04A6E1CA2136902E00863D71 /* libz.tbd */; };
		04A6E1CF2136902E00863D71 /* librtmp.a in Frameworks */ = {isa = PBXBuildFile; fileRef = 04A6E1CB2136902E00863D71 /* librtmp.a */; };
		04A6E1D02136902E00863D71 /* IJKMediaFramework.framework in Frameworks */ = {isa = PBXBuildFile; fileRef = 04A6E1CC2136902E00863D71 /* IJKMediaFramework.framework */; };
		04A6E1D12136902E00863D71 /* libssl.a in Frameworks */ = {isa = PBXBuildFile; fileRef = 04A6E1CD2136902E00863D71 /* libssl.a */; };
		04B1D1F6212D0D5D00C36D72 /* podfile in Resources */ = {isa = PBXBuildFile; fileRef = 04B1D1F5212D0D5D00C36D72 /* podfile */; };
		04C10F42212FFEE30090C8AC /* INKRootLiveStream.swift in Sources */ = {isa = PBXBuildFile; fileRef = 04C10F3F212FFEE30090C8AC /* INKRootLiveStream.swift */; };
		04C10F43212FFEE30090C8AC /* INKCell.swift in Sources */ = {isa = PBXBuildFile; fileRef = 04C10F40212FFEE30090C8AC /* INKCell.swift */; };
		04C10F44212FFEE30090C8AC /* INKRootData.swift in Sources */ = {isa = PBXBuildFile; fileRef = 04C10F41212FFEE30090C8AC /* INKRootData.swift */; };
		04C10F55213000260090C8AC /* FirstViewController.swift in Sources */ = {isa = PBXBuildFile; fileRef = 04C10F54213000260090C8AC /* FirstViewController.swift */; };
		04C10F5F213001590090C8AC /* LivingViewController.swift in Sources */ = {isa = PBXBuildFile; fileRef = 04C10F59213001590090C8AC /* LivingViewController.swift */; };
		04C10F60213001590090C8AC /* LiveTableViewCell.swift in Sources */ = {isa = PBXBuildFile; fileRef = 04C10F5A213001590090C8AC /* LiveTableViewCell.swift */; };
		04C10F61213001590090C8AC /* LiveTableViewController.swift in Sources */ = {isa = PBXBuildFile; fileRef = 04C10F5B213001590090C8AC /* LiveTableViewController.swift */; };
		04C10F62213001590090C8AC /* SecTableViewCell.swift in Sources */ = {isa = PBXBuildFile; fileRef = 04C10F5D213001590090C8AC /* SecTableViewCell.swift */; };
		04C10F63213001590090C8AC /* SecondViewController.swift in Sources */ = {isa = PBXBuildFile; fileRef = 04C10F5E213001590090C8AC /* SecondViewController.swift */; };
		60EC7C655D8D7BB07B6EE4EF /* Pods_Dairy.framework in Frameworks */ = {isa = PBXBuildFile; fileRef = 6689CA874EE80469E0B9D623 /* Pods_Dairy.framework */; };
/* End PBXBuildFile section */

/* Begin PBXFileReference section */
		048E3283212C42E200FF5D92 /* Dairy.app */ = {isa = PBXFileReference; explicitFileType = wrapper.application; includeInIndex = 0; path = Dairy.app; sourceTree = BUILT_PRODUCTS_DIR; };
		048E3286212C42E200FF5D92 /* AppDelegate.swift */ = {isa = PBXFileReference; lastKnownFileType = sourcecode.swift; path = AppDelegate.swift; sourceTree = "<group>"; };
		048E328D212C42E200FF5D92 /* Base */ = {isa = PBXFileReference; lastKnownFileType = file.storyboard; name = Base; path = Base.lproj/Main.storyboard; sourceTree = "<group>"; };
		048E328F212C42E300FF5D92 /* Assets.xcassets */ = {isa = PBXFileReference; lastKnownFileType = folder.assetcatalog; path = Assets.xcassets; sourceTree = "<group>"; };
		048E3292212C42E300FF5D92 /* Base */ = {isa = PBXFileReference; lastKnownFileType = file.storyboard; name = Base; path = Base.lproj/LaunchScreen.storyboard; sourceTree = "<group>"; };
		048E3294212C42E300FF5D92 /* Info.plist */ = {isa = PBXFileReference; lastKnownFileType = text.plist.xml; path = Info.plist; sourceTree = "<group>"; };
		04A6E1CA2136902E00863D71 /* libz.tbd */ = {isa = PBXFileReference; fileEncoding = 4; lastKnownFileType = "sourcecode.text-based-dylib-definition"; name = libz.tbd; path = "lib&IJKFW/libz.tbd"; sourceTree = "<group>"; };
		04A6E1CB2136902E00863D71 /* librtmp.a */ = {isa = PBXFileReference; lastKnownFileType = archive.ar; name = librtmp.a; path = "lib&IJKFW/librtmp.a"; sourceTree = "<group>"; };
		04A6E1CC2136902E00863D71 /* IJKMediaFramework.framework */ = {isa = PBXFileReference; lastKnownFileType = wrapper.framework; name = IJKMediaFramework.framework; path = "lib&IJKFW/IJKMediaFramework.framework"; sourceTree = "<group>"; };
		04A6E1CD2136902E00863D71 /* libssl.a */ = {isa = PBXFileReference; lastKnownFileType = archive.ar; name = libssl.a; path = "lib&IJKFW/libssl.a"; sourceTree = "<group>"; };
		04B1D1F5212D0D5D00C36D72 /* podfile */ = {isa = PBXFileReference; lastKnownFileType = text; path = podfile; sourceTree = "<group>"; xcLanguageSpecificationIdentifier = xcode.lang.ruby; };
		04C10F3F212FFEE30090C8AC /* INKRootLiveStream.swift */ = {isa = PBXFileReference; fileEncoding = 4; lastKnownFileType = sourcecode.swift; name = INKRootLiveStream.swift; path = model/INKRootLiveStream.swift; sourceTree = "<group>"; };
		04C10F40212FFEE30090C8AC /* INKCell.swift */ = {isa = PBXFileReference; fileEncoding = 4; lastKnownFileType = sourcecode.swift; name = INKCell.swift; path = model/INKCell.swift; sourceTree = "<group>"; };
		04C10F41212FFEE30090C8AC /* INKRootData.swift */ = {isa = PBXFileReference; fileEncoding = 4; lastKnownFileType = sourcecode.swift; name = INKRootData.swift; path = model/INKRootData.swift; sourceTree = "<group>"; };
		04C10F54213000260090C8AC /* FirstViewController.swift */ = {isa = PBXFileReference; fileEncoding = 4; lastKnownFileType = sourcecode.swift; name = FirstViewController.swift; path = Dairy/controller/First/FirstViewController.swift; sourceTree = SOURCE_ROOT; };
		04C10F59213001590090C8AC /* LivingViewController.swift */ = {isa = PBXFileReference; fileEncoding = 4; lastKnownFileType = sourcecode.swift; path = LivingViewController.swift; sourceTree = "<group>"; };
		04C10F5A213001590090C8AC /* LiveTableViewCell.swift */ = {isa = PBXFileReference; fileEncoding = 4; lastKnownFileType = sourcecode.swift; path = LiveTableViewCell.swift; sourceTree = "<group>"; };
		04C10F5B213001590090C8AC /* LiveTableViewController.swift */ = {isa = PBXFileReference; fileEncoding = 4; lastKnownFileType = sourcecode.swift; path = LiveTableViewController.swift; sourceTree = "<group>"; };
		04C10F5D213001590090C8AC /* SecTableViewCell.swift */ = {isa = PBXFileReference; fileEncoding = 4; lastKnownFileType = sourcecode.swift; path = SecTableViewCell.swift; sourceTree = "<group>"; };
		04C10F5E213001590090C8AC /* SecondViewController.swift */ = {isa = PBXFileReference; fileEncoding = 4; lastKnownFileType = sourcecode.swift; path = SecondViewController.swift; sourceTree = "<group>"; };
		04C7A082212E5E4D0041EAE2 /* Dairy-Bridging-Header.h */ = {isa = PBXFileReference; lastKnownFileType = sourcecode.c.h; path = "Dairy-Bridging-Header.h"; sourceTree = "<group>"; };
		3276E80BF5EB8EB778CBD560 /* Pods-Dairy.debug.xcconfig */ = {isa = PBXFileReference; includeInIndex = 1; lastKnownFileType = text.xcconfig; name = "Pods-Dairy.debug.xcconfig"; path = "Pods/Target Support Files/Pods-Dairy/Pods-Dairy.debug.xcconfig"; sourceTree = "<group>"; };
		6689CA874EE80469E0B9D623 /* Pods_Dairy.framework */ = {isa = PBXFileReference; explicitFileType = wrapper.framework; includeInIndex = 0; path = Pods_Dairy.framework; sourceTree = BUILT_PRODUCTS_DIR; };
		A8ED33B7D448987F24C807F7 /* Pods-Dairy.release.xcconfig */ = {isa = PBXFileReference; includeInIndex = 1; lastKnownFileType = text.xcconfig; name = "Pods-Dairy.release.xcconfig"; path = "Pods/Target Support Files/Pods-Dairy/Pods-Dairy.release.xcconfig"; sourceTree = "<group>"; };
/* End PBXFileReference section */

/* Begin PBXFrameworksBuildPhase section */
		048E3280212C42E100FF5D92 /* Frameworks */ = {
			isa = PBXFrameworksBuildPhase;
			buildActionMask = 2147483647;
			files = (
				04A6E1D12136902E00863D71 /* libssl.a in Frameworks */,
				60EC7C655D8D7BB07B6EE4EF /* Pods_Dairy.framework in Frameworks */,
				04A6E1CE2136902E00863D71 /* libz.tbd in Frameworks */,
				04A6E1CF2136902E00863D71 /* librtmp.a in Frameworks */,
				04A6E1D02136902E00863D71 /* IJKMediaFramework.framework in Frameworks */,
			);
			runOnlyForDeploymentPostprocessing = 0;
		};
/* End PBXFrameworksBuildPhase section */

/* Begin PBXGroup section */
		048E327A212C42E100FF5D92 = {
			isa = PBXGroup;
			children = (
				04A6E1CC2136902E00863D71 /* IJKMediaFramework.framework */,
				04A6E1CB2136902E00863D71 /* librtmp.a */,
				04A6E1CD2136902E00863D71 /* libssl.a */,
				04A6E1CA2136902E00863D71 /* libz.tbd */,
				04B1D1F5212D0D5D00C36D72 /* podfile */,
				048E3285212C42E200FF5D92 /* Dairy */,
				048E3284212C42E200FF5D92 /* Products */,
				5C5724F93F4C8DEAD8524444 /* Pods */,
				67C30902DCFE532DA67D4347 /* Frameworks */,
			);
			sourceTree = "<group>";
		};
		048E3284212C42E200FF5D92 /* Products */ = {
			isa = PBXGroup;
			children = (
				048E3283212C42E200FF5D92 /* Dairy.app */,
			);
			name = Products;
			sourceTree = "<group>";
		};
		048E3285212C42E200FF5D92 /* Dairy */ = {
			isa = PBXGroup;
			children = (
				04C10F45212FFEEB0090C8AC /* controller */,
				04C10F3E212FFED50090C8AC /* model */,
				048E3286212C42E200FF5D92 /* AppDelegate.swift */,
				048E328C212C42E200FF5D92 /* Main.storyboard */,
				048E328F212C42E300FF5D92 /* Assets.xcassets */,
				048E3291212C42E300FF5D92 /* LaunchScreen.storyboard */,
				048E3294212C42E300FF5D92 /* Info.plist */,
				04C7A082212E5E4D0041EAE2 /* Dairy-Bridging-Header.h */,
			);
			path = Dairy;
			sourceTree = "<group>";
		};
		04C10F3E212FFED50090C8AC /* model */ = {
			isa = PBXGroup;
			children = (
				04C10F40212FFEE30090C8AC /* INKCell.swift */,
				04C10F41212FFEE30090C8AC /* INKRootData.swift */,
				04C10F3F212FFEE30090C8AC /* INKRootLiveStream.swift */,
			);
			name = model;
			sourceTree = "<group>";
		};
		04C10F45212FFEEB0090C8AC /* controller */ = {
			isa = PBXGroup;
			children = (
				04C10F532130001B0090C8AC /* First */,
				04C10F5C213001590090C8AC /* Sec */,
				04C10F58213001590090C8AC /* Live */,
			);
			name = controller;
			path = "New Group";
			sourceTree = "<group>";
		};
		04C10F532130001B0090C8AC /* First */ = {
			isa = PBXGroup;
			children = (
				04C10F54213000260090C8AC /* FirstViewController.swift */,
			);
			path = First;
			sourceTree = "<group>";
		};
		04C10F58213001590090C8AC /* Live */ = {
			isa = PBXGroup;
			children = (
				04C10F59213001590090C8AC /* LivingViewController.swift */,
				04C10F5A213001590090C8AC /* LiveTableViewCell.swift */,
				04C10F5B213001590090C8AC /* LiveTableViewController.swift */,
			);
			name = Live;
			path = Dairy/controller/Live;
			sourceTree = SOURCE_ROOT;
		};
		04C10F5C213001590090C8AC /* Sec */ = {
			isa = PBXGroup;
			children = (
				04C10F5D213001590090C8AC /* SecTableViewCell.swift */,
				04C10F5E213001590090C8AC /* SecondViewController.swift */,
			);
			name = Sec;
			path = Dairy/controller/Sec;
			sourceTree = SOURCE_ROOT;
		};
		5C5724F93F4C8DEAD8524444 /* Pods */ = {
			isa = PBXGroup;
			children = (
				3276E80BF5EB8EB778CBD560 /* Pods-Dairy.debug.xcconfig */,
				A8ED33B7D448987F24C807F7 /* Pods-Dairy.release.xcconfig */,
			);
			name = Pods;
			sourceTree = "<group>";
		};
		67C30902DCFE532DA67D4347 /* Frameworks */ = {
			isa = PBXGroup;
			children = (
				6689CA874EE80469E0B9D623 /* Pods_Dairy.framework */,
			);
			name = Frameworks;
			sourceTree = "<group>";
		};
/* End PBXGroup section */

/* Begin PBXNativeTarget section */
		048E3282212C42E100FF5D92 /* Dairy */ = {
			isa = PBXNativeTarget;
			buildConfigurationList = 048E3297212C42E300FF5D92 /* Build configuration list for PBXNativeTarget "Dairy" */;
			buildPhases = (
				421E0B17D3D1B308E5EBFE52 /* [CP] Check Pods Manifest.lock */,
				048E327F212C42E100FF5D92 /* Sources */,
				048E3280212C42E100FF5D92 /* Frameworks */,
				048E3281212C42E100FF5D92 /* Resources */,
				B00678CDB2B90DF3BE9BA3CA /* [CP] Embed Pods Frameworks */,
				F505AB38B63E03B1800CB7B4 /* [CP] Copy Pods Resources */,
			);
			buildRules = (
			);
			dependencies = (
			);
			name = Dairy;
			productName = Dairy;
			productReference = 048E3283212C42E200FF5D92 /* Dairy.app */;
			productType = "com.apple.product-type.application";
		};
/* End PBXNativeTarget section */

/* Begin PBXProject section */
		048E327B212C42E100FF5D92 /* Project object */ = {
			isa = PBXProject;
			attributes = {
				LastSwiftUpdateCheck = 0940;
				LastUpgradeCheck = 0940;
				ORGANIZATIONNAME = SAI;
				TargetAttributes = {
					048E3282212C42E100FF5D92 = {
						CreatedOnToolsVersion = 9.4.1;
						LastSwiftMigration = 0940;
						SystemCapabilities = {
							com.apple.BackgroundModes = {
								enabled = 1;
							};
						};
					};
				};
			};
			buildConfigurationList = 048E327E212C42E100FF5D92 /* Build configuration list for PBXProject "Dairy" */;
			compatibilityVersion = "Xcode 9.3";
			developmentRegion = en;
			hasScannedForEncodings = 0;
			knownRegions = (
				en,
				Base,
			);
			mainGroup = 048E327A212C42E100FF5D92;
			productRefGroup = 048E3284212C42E200FF5D92 /* Products */;
			projectDirPath = "";
			projectRoot = "";
			targets = (
				048E3282212C42E100FF5D92 /* Dairy */,
			);
		};
/* End PBXProject section */

/* Begin PBXResourcesBuildPhase section */
		048E3281212C42E100FF5D92 /* Resources */ = {
			isa = PBXResourcesBuildPhase;
			buildActionMask = 2147483647;
			files = (
				048E3293212C42E300FF5D92 /* LaunchScreen.storyboard in Resources */,
				048E3290212C42E300FF5D92 /* Assets.xcassets in Resources */,
				04B1D1F6212D0D5D00C36D72 /* podfile in Resources */,
				048E328E212C42E200FF5D92 /* Main.storyboard in Resources */,
			);
			runOnlyForDeploymentPostprocessing = 0;
		};
/* End PBXResourcesBuildPhase section */

/* Begin PBXShellScriptBuildPhase section */
		421E0B17D3D1B308E5EBFE52 /* [CP] Check Pods Manifest.lock */ = {
			isa = PBXShellScriptBuildPhase;
			buildActionMask = 2147483647;
			files = (
			);
			inputPaths = (
				"${PODS_PODFILE_DIR_PATH}/Podfile.lock",
				"${PODS_ROOT}/Manifest.lock",
			);
			name = "[CP] Check Pods Manifest.lock";
			outputPaths = (
				"$(DERIVED_FILE_DIR)/Pods-Dairy-checkManifestLockResult.txt",
			);
			runOnlyForDeploymentPostprocessing = 0;
			shellPath = /bin/sh;
			shellScript = "diff \"${PODS_PODFILE_DIR_PATH}/Podfile.lock\" \"${PODS_ROOT}/Manifest.lock\" > /dev/null\nif [ $? != 0 ] ; then\n    # print error to STDERR\n    echo \"error: The sandbox is not in sync with the Podfile.lock. Run 'pod install' or update your CocoaPods installation.\" >&2\n    exit 1\nfi\n# This output is used by Xcode 'outputs' to avoid re-running this script phase.\necho \"SUCCESS\" > \"${SCRIPT_OUTPUT_FILE_0}\"\n";
			showEnvVarsInLog = 0;
		};
		B00678CDB2B90DF3BE9BA3CA /* [CP] Embed Pods Frameworks */ = {
			isa = PBXShellScriptBuildPhase;
			buildActionMask = 2147483647;
			files = (
			);
			inputPaths = (
				"${SRCROOT}/Pods/Target Support Files/Pods-Dairy/Pods-Dairy-frameworks.sh",
				"${BUILT_PRODUCTS_DIR}/Just/Just.framework",
				"${BUILT_PRODUCTS_DIR}/Kingfisher/Kingfisher.framework",
				"${BUILT_PRODUCTS_DIR}/StreamingKit/StreamingKit.framework",
			);
			name = "[CP] Embed Pods Frameworks";
			outputPaths = (
				"${TARGET_BUILD_DIR}/${FRAMEWORKS_FOLDER_PATH}/Just.framework",
				"${TARGET_BUILD_DIR}/${FRAMEWORKS_FOLDER_PATH}/Kingfisher.framework",
				"${TARGET_BUILD_DIR}/${FRAMEWORKS_FOLDER_PATH}/StreamingKit.framework",
			);
			runOnlyForDeploymentPostprocessing = 0;
			shellPath = /bin/sh;
			shellScript = "\"${SRCROOT}/Pods/Target Support Files/Pods-Dairy/Pods-Dairy-frameworks.sh\"\n";
			showEnvVarsInLog = 0;
		};
		F505AB38B63E03B1800CB7B4 /* [CP] Copy Pods Resources */ = {
			isa = PBXShellScriptBuildPhase;
			buildActionMask = 2147483647;
			files = (
			);
			inputPaths = (
			);
			name = "[CP] Copy Pods Resources";
			outputPaths = (
			);
			runOnlyForDeploymentPostprocessing = 0;
			shellPath = /bin/sh;
			shellScript = "\"${SRCROOT}/Pods/Target Support Files/Pods-Dairy/Pods-Dairy-resources.sh\"\n";
			showEnvVarsInLog = 0;
		};
/* End PBXShellScriptBuildPhase section */

/* Begin PBXSourcesBuildPhase section */
		048E327F212C42E100FF5D92 /* Sources */ = {
			isa = PBXSourcesBuildPhase;
			buildActionMask = 2147483647;
			files = (
				04C10F44212FFEE30090C8AC /* INKRootData.swift in Sources */,
				04C10F42212FFEE30090C8AC /* INKRootLiveStream.swift in Sources */,
				04C10F55213000260090C8AC /* FirstViewController.swift in Sources */,
				04C10F60213001590090C8AC /* LiveTableViewCell.swift in Sources */,
				04C10F5F213001590090C8AC /* LivingViewController.swift in Sources */,
				04C10F62213001590090C8AC /* SecTableViewCell.swift in Sources */,
				048E3287212C42E200FF5D92 /* AppDelegate.swift in Sources */,
				04C10F43212FFEE30090C8AC /* INKCell.swift in Sources */,
				04C10F63213001590090C8AC /* SecondViewController.swift in Sources */,
				04C10F61213001590090C8AC /* LiveTableViewController.swift in Sources */,
			);
			runOnlyForDeploymentPostprocessing = 0;
		};
/* End PBXSourcesBuildPhase section */

/* Begin PBXVariantGroup section */
		048E328C212C42E200FF5D92 /* Main.storyboard */ = {
			isa = PBXVariantGroup;
			children = (
				048E328D212C42E200FF5D92 /* Base */,
			);
			name = Main.storyboard;
			sourceTree = "<group>";
		};
		048E3291212C42E300FF5D92 /* LaunchScreen.storyboard */ = {
			isa = PBXVariantGroup;
			children = (
				048E3292212C42E300FF5D92 /* Base */,
			);
			name = LaunchScreen.storyboard;
			sourceTree = "<group>";
		};
/* End PBXVariantGroup section */

/* Begin XCBuildConfiguration section */
		048E3295212C42E300FF5D92 /* Debug */ = {
			isa = XCBuildConfiguration;
			buildSettings = {
				ALWAYS_SEARCH_USER_PATHS = NO;
				CLANG_ANALYZER_NONNULL = YES;
				CLANG_ANALYZER_NUMBER_OBJECT_CONVERSION = YES_AGGRESSIVE;
				CLANG_CXX_LANGUAGE_STANDARD = "gnu++14";
				CLANG_CXX_LIBRARY = "libc++";
				CLANG_ENABLE_MODULES = YES;
				CLANG_ENABLE_OBJC_ARC = YES;
				CLANG_ENABLE_OBJC_WEAK = YES;
				CLANG_WARN_BLOCK_CAPTURE_AUTORELEASING = YES;
				CLANG_WARN_BOOL_CONVERSION = YES;
				CLANG_WARN_COMMA = YES;
				CLANG_WARN_CONSTANT_CONVERSION = YES;
				CLANG_WARN_DEPRECATED_OBJC_IMPLEMENTATIONS = YES;
				CLANG_WARN_DIRECT_OBJC_ISA_USAGE = YES_ERROR;
				CLANG_WARN_DOCUMENTATION_COMMENTS = YES;
				CLANG_WARN_EMPTY_BODY = YES;
				CLANG_WARN_ENUM_CONVERSION = YES;
				CLANG_WARN_INFINITE_RECURSION = YES;
				CLANG_WARN_INT_CONVERSION = YES;
				CLANG_WARN_NON_LITERAL_NULL_CONVERSION = YES;
				CLANG_WARN_OBJC_IMPLICIT_RETAIN_SELF = YES;
				CLANG_WARN_OBJC_LITERAL_CONVERSION = YES;
				CLANG_WARN_OBJC_ROOT_CLASS = YES_ERROR;
				CLANG_WARN_RANGE_LOOP_ANALYSIS = YES;
				CLANG_WARN_STRICT_PROTOTYPES = YES;
				CLANG_WARN_SUSPICIOUS_MOVE = YES;
				CLANG_WARN_UNGUARDED_AVAILABILITY = YES_AGGRESSIVE;
				CLANG_WARN_UNREACHABLE_CODE = YES;
				CLANG_WARN__DUPLICATE_METHOD_MATCH = YES;
				CODE_SIGN_IDENTITY = "iPhone Developer";
				COPY_PHASE_STRIP = NO;
				DEBUG_INFORMATION_FORMAT = dwarf;
				ENABLE_STRICT_OBJC_MSGSEND = YES;
				ENABLE_TESTABILITY = YES;
				GCC_C_LANGUAGE_STANDARD = gnu11;
				GCC_DYNAMIC_NO_PIC = NO;
				GCC_NO_COMMON_BLOCKS = YES;
				GCC_OPTIMIZATION_LEVEL = 0;
				GCC_PREPROCESSOR_DEFINITIONS = (
					"DEBUG=1",
					"$(inherited)",
				);
				GCC_WARN_64_TO_32_BIT_CONVERSION = YES;
				GCC_WARN_ABOUT_RETURN_TYPE = YES_ERROR;
				GCC_WARN_UNDECLARED_SELECTOR = YES;
				GCC_WARN_UNINITIALIZED_AUTOS = YES_AGGRESSIVE;
				GCC_WARN_UNUSED_FUNCTION = YES;
				GCC_WARN_UNUSED_VARIABLE = YES;
				IPHONEOS_DEPLOYMENT_TARGET = 11.4;
				MTL_ENABLE_DEBUG_INFO = YES;
				ONLY_ACTIVE_ARCH = YES;
				SDKROOT = iphoneos;
				SWIFT_ACTIVE_COMPILATION_CONDITIONS = DEBUG;
				SWIFT_OPTIMIZATION_LEVEL = "-Onone";
			};
			name = Debug;
		};
		048E3296212C42E300FF5D92 /* Release */ = {
			isa = XCBuildConfiguration;
			buildSettings = {
				ALWAYS_SEARCH_USER_PATHS = NO;
				CLANG_ANALYZER_NONNULL = YES;
				CLANG_ANALYZER_NUMBER_OBJECT_CONVERSION = YES_AGGRESSIVE;
				CLANG_CXX_LANGUAGE_STANDARD = "gnu++14";
				CLANG_CXX_LIBRARY = "libc++";
				CLANG_ENABLE_MODULES = YES;
				CLANG_ENABLE_OBJC_ARC = YES;
				CLANG_ENABLE_OBJC_WEAK = YES;
				CLANG_WARN_BLOCK_CAPTURE_AUTORELEASING = YES;
				CLANG_WARN_BOOL_CONVERSION = YES;
				CLANG_WARN_COMMA = YES;
				CLANG_WARN_CONSTANT_CONVERSION = YES;
				CLANG_WARN_DEPRECATED_OBJC_IMPLEMENTATIONS = YES;
				CLANG_WARN_DIRECT_OBJC_ISA_USAGE = YES_ERROR;
				CLANG_WARN_DOCUMENTATION_COMMENTS = YES;
				CLANG_WARN_EMPTY_BODY = YES;
				CLANG_WARN_ENUM_CONVERSION = YES;
				CLANG_WARN_INFINITE_RECURSION = YES;
				CLANG_WARN_INT_CONVERSION = YES;
				CLANG_WARN_NON_LITERAL_NULL_CONVERSION = YES;
				CLANG_WARN_OBJC_IMPLICIT_RETAIN_SELF = YES;
				CLANG_WARN_OBJC_LITERAL_CONVERSION = YES;
				CLANG_WARN_OBJC_ROOT_CLASS = YES_ERROR;
				CLANG_WARN_RANGE_LOOP_ANALYSIS = YES;
				CLANG_WARN_STRICT_PROTOTYPES = YES;
				CLANG_WARN_SUSPICIOUS_MOVE = YES;
				CLANG_WARN_UNGUARDED_AVAILABILITY = YES_AGGRESSIVE;
				CLANG_WARN_UNREACHABLE_CODE = YES;
				CLANG_WARN__DUPLICATE_METHOD_MATCH = YES;
				CODE_SIGN_IDENTITY = "iPhone Developer";
				COPY_PHASE_STRIP = NO;
				DEBUG_INFORMATION_FORMAT = "dwarf-with-dsym";
				ENABLE_NS_ASSERTIONS = NO;
				ENABLE_STRICT_OBJC_MSGSEND = YES;
				GCC_C_LANGUAGE_STANDARD = gnu11;
				GCC_NO_COMMON_BLOCKS = YES;
				GCC_WARN_64_TO_32_BIT_CONVERSION = YES;
				GCC_WARN_ABOUT_RETURN_TYPE = YES_ERROR;
				GCC_WARN_UNDECLARED_SELECTOR = YES;
				GCC_WARN_UNINITIALIZED_AUTOS = YES_AGGRESSIVE;
				GCC_WARN_UNUSED_FUNCTION = YES;
				GCC_WARN_UNUSED_VARIABLE = YES;
				IPHONEOS_DEPLOYMENT_TARGET = 11.4;
				MTL_ENABLE_DEBUG_INFO = NO;
				SDKROOT = iphoneos;
				SWIFT_COMPILATION_MODE = wholemodule;
				SWIFT_OPTIMIZATION_LEVEL = "-O";
				VALIDATE_PRODUCT = YES;
			};
			name = Release;
		};
		048E3298212C42E300FF5D92 /* Debug */ = {
			isa = XCBuildConfiguration;
			baseConfigurationReference = 3276E80BF5EB8EB778CBD560 /* Pods-Dairy.debug.xcconfig */;
			buildSettings = {
				ASSETCATALOG_COMPILER_APPICON_NAME = AppIcon;
				CLANG_ENABLE_MODULES = YES;
				CODE_SIGN_STYLE = Automatic;
				DEVELOPMENT_TEAM = MW8B254S4S;
				FRAMEWORK_SEARCH_PATHS = (
					"$(inherited)",
					"$(PROJECT_DIR)",
					"$(PROJECT_DIR)/lib&IJKFW",
				);
				INFOPLIST_FILE = Dairy/Info.plist;
				IPHONEOS_DEPLOYMENT_TARGET = 11.4;
				LD_RUNPATH_SEARCH_PATHS = (
					"$(inherited)",
					"@executable_path/Frameworks",
				);
				LIBRARY_SEARCH_PATHS = (
					"$(inherited)",
					"$(PROJECT_DIR)",
					"$(PROJECT_DIR)/lib&IJKFW",
				);
				PRODUCT_BUNDLE_IDENTIFIER = "Safari-Tsai.Dairy";
				PRODUCT_NAME = "$(TARGET_NAME)";
				SWIFT_OBJC_BRIDGING_HEADER = "Dairy/Dairy-Bridging-Header.h";
				SWIFT_OPTIMIZATION_LEVEL = "-Onone";
				SWIFT_VERSION = 4.0;
				TARGETED_DEVICE_FAMILY = 1;
			};
			name = Debug;
		};
		048E3299212C42E300FF5D92 /* Release */ = {
			isa = XCBuildConfiguration;
			baseConfigurationReference = A8ED33B7D448987F24C807F7 /* Pods-Dairy.release.xcconfig */;
			buildSettings = {
				ASSETCATALOG_COMPILER_APPICON_NAME = AppIcon;
				CLANG_ENABLE_MODULES = YES;
				CODE_SIGN_STYLE = Automatic;
				DEVELOPMENT_TEAM = MW8B254S4S;
				FRAMEWORK_SEARCH_PATHS = (
					"$(inherited)",
					"$(PROJECT_DIR)",
					"$(PROJECT_DIR)/lib&IJKFW",
				);
				INFOPLIST_FILE = Dairy/Info.plist;
				IPHONEOS_DEPLOYMENT_TARGET = 11.4;
				LD_RUNPATH_SEARCH_PATHS = (
					"$(inherited)",
					"@executable_path/Frameworks",
				);
				LIBRARY_SEARCH_PATHS = (
					"$(inherited)",
					"$(PROJECT_DIR)",
					"$(PROJECT_DIR)/lib&IJKFW",
				);
				PRODUCT_BUNDLE_IDENTIFIER = "Safari-Tsai.Dairy";
				PRODUCT_NAME = "$(TARGET_NAME)";
				SWIFT_OBJC_BRIDGING_HEADER = "Dairy/Dairy-Bridging-Header.h";
				SWIFT_VERSION = 4.0;
				TARGETED_DEVICE_FAMILY = 1;
			};
			name = Release;
		};
/* End XCBuildConfiguration section */

/* Begin XCConfigurationList section */
		048E327E212C42E100FF5D92 /* Build configuration list for PBXProject "Dairy" */ = {
			isa = XCConfigurationList;
			buildConfigurations = (
				048E3295212C42E300FF5D92 /* Debug */,
				048E3296212C42E300FF5D92 /* Release */,
			);
			defaultConfigurationIsVisible = 0;
			defaultConfigurationName = Release;
		};
		048E3297212C42E300FF5D92 /* Build configuration list for PBXNativeTarget "Dairy" */ = {
			isa = XCConfigurationList;
			buildConfigurations = (
				048E3298212C42E300FF5D92 /* Debug */,
				048E3299212C42E300FF5D92 /* Release */,
			);
			defaultConfigurationIsVisible = 0;
			defaultConfigurationName = Release;
		};
/* End XCConfigurationList section */
	};
	rootObject = 048E327B212C42E100FF5D92 /* Project object */;
}
